{
  "version": 4,
  "terraform_version": "1.14.5",
  "serial": 22,
  "lineage": "81bf86fd-9a0c-487e-e8d8-8d2f603ab1ae",
  "outputs": {
    "lb_public_ip": {
      "value": "20.188.56.234",
      "type": "string"
    },
    "resource_group_id": {
      "value": "/subscriptions/cb514673-1b19-46b0-b454-5b670918d9e4/resourceGroups/tp-azure-rg",
      "type": "string"
    },
    "subnet_id": {
      "value": "/subscriptions/cb514673-1b19-46b0-b454-5b670918d9e4/resourceGroups/tp-azure-rg/providers/Microsoft.Network/virtualNetworks/tp-azure-vnet/subnets/tp-azure-subnet",
      "type": "string"
    },
    "vm1_public_ip": {
      "value": "20.111.58.244",
      "type": "string"
    },
    "vm2_public_ip": {
      "value": "20.111.49.250",
      "type": "string"
    },
    "vnet_name": {
      "value": "tp-azure-vnet",
      "type": "string"
    }
  },
  "resources": [
    {
      "mode": "managed",
      "type": "azurerm_lb",
      "name": "lb",
      "provider": "provider[\"registry.terraform.io/hashicorp/azurerm\"]",
      "instances": [
        {
          "schema_version": 0,
          "attributes": {
            "edge_zone": "",
            "frontend_ip_configuration": [
              {
                "gateway_load_balancer_frontend_ip_configuration_id": "",
                "id": "/subscriptions/cb514673-1b19-46b0-b454-5b670918d9e4/resourceGroups/tp-azure-rg/providers/Microsoft.Network/loadBalancers/tp-azure-lb/frontendIPConfigurations/frontend",
                "inbound_nat_rules": [],
                "load_balancer_rules": [
                  "/subscriptions/cb514673-1b19-46b0-b454-5b670918d9e4/resourceGroups/tp-azure-rg/providers/Microsoft.Network/loadBalancers/tp-azure-lb/loadBalancingRules/tp-azure-http-rule"
                ],
                "name": "frontend",
                "outbound_rules": [],
                "private_ip_address": "",
                "private_ip_address_allocation": "Dynamic",
                "private_ip_address_version": "",
                "public_ip_address_id": "/subscriptions/cb514673-1b19-46b0-b454-5b670918d9e4/resourceGroups/tp-azure-rg/providers/Microsoft.Network/publicIPAddresses/tp-azure-lb-pip",
                "public_ip_prefix_id": "",
                "subnet_id": "",
                "zones": []
              }
            ],
            "id": "/subscriptions/cb514673-1b19-46b0-b454-5b670918d9e4/resourceGroups/tp-azure-rg/providers/Microsoft.Network/loadBalancers/tp-azure-lb",
            "location": "francecentral",
            "name": "tp-azure-lb",
            "private_ip_address": "",
            "private_ip_addresses": [],
            "public_ip_address_id": null,
            "resource_group_name": "tp-azure-rg",
            "sku": "Standard",
            "sku_tier": "Regional",
            "subnet_id": null,
            "tags": {},
            "timeouts": null
          },
          "sensitive_attributes": [],
          "identity_schema_version": 0,
          "private": "eyJlMmJmYjczMC1lY2FhLTExZTYtOGY4OC0zNDM2M2JjN2M0YzAiOnsiY3JlYXRlIjoxODAwMDAwMDAwMDAwLCJkZWxldGUiOjE4MDAwMDAwMDAwMDAsInJlYWQiOjMwMDAwMDAwMDAwMCwidXBkYXRlIjoxODAwMDAwMDAwMDAwfX0=",
          "dependencies": [
            "azurerm_public_ip.lb_pip",
            "azurerm_resource_group.rg"
          ]
        }
      ]
    },
    {
      "mode": "managed",
      "type": "azurerm_lb_backend_address_pool",
      "name": "backend_pool",
      "provider": "provider[\"registry.terraform.io/hashicorp/azurerm\"]",
      "instances": [
        {
          "schema_version": 0,
          "attributes": {
            "backend_ip_configurations": [
              "/subscriptions/cb514673-1b19-46b0-b454-5b670918d9e4/resourceGroups/tp-azure-rg/providers/Microsoft.Network/networkInterfaces/tp-azure-nic-2/ipConfigurations/internal",
              "/subscriptions/cb514673-1b19-46b0-b454-5b670918d9e4/resourceGroups/tp-azure-rg/providers/Microsoft.Network/networkInterfaces/tp-azure-nic-1/ipConfigurations/internal"
            ],
            "id": "/subscriptions/cb514673-1b19-46b0-b454-5b670918d9e4/resourceGroups/tp-azure-rg/providers/Microsoft.Network/loadBalancers/tp-azure-lb/backendAddressPools/tp-azure-backend-pool",
            "inbound_nat_rules": [],
            "load_balancing_rules": [
              "/subscriptions/cb514673-1b19-46b0-b454-5b670918d9e4/resourceGroups/tp-azure-rg/providers/Microsoft.Network/loadBalancers/tp-azure-lb/loadBalancingRules/tp-azure-http-rule"
            ],
            "loadbalancer_id": "/subscriptions/cb514673-1b19-46b0-b454-5b670918d9e4/resourceGroups/tp-azure-rg/providers/Microsoft.Network/loadBalancers/tp-azure-lb",
            "name": "tp-azure-backend-pool",
            "outbound_rules": [],
            "synchronous_mode": "",
            "timeouts": null,
            "tunnel_interface": [],
            "virtual_network_id": ""
          },
          "sensitive_attributes": [],
          "identity_schema_version": 0,
          "private": "eyJlMmJmYjczMC1lY2FhLTExZTYtOGY4OC0zNDM2M2JjN2M0YzAiOnsiY3JlYXRlIjoxODAwMDAwMDAwMDAwLCJkZWxldGUiOjE4MDAwMDAwMDAwMDAsInJlYWQiOjMwMDAwMDAwMDAwMCwidXBkYXRlIjoxODAwMDAwMDAwMDAwfX0=",
          "dependencies": [
            "azurerm_lb.lb",
            "azurerm_public_ip.lb_pip",
            "azurerm_resource_group.rg"
          ]
        }
      ]
    },
    {
      "mode": "managed",
      "type": "azurerm_lb_probe",
      "name": "http_probe",
      "provider": "provider[\"registry.terraform.io/hashicorp/azurerm\"]",
      "instances": [
        {
          "schema_version": 0,
          "attributes": {
            "id": "/subscriptions/cb514673-1b19-46b0-b454-5b670918d9e4/resourceGroups/tp-azure-rg/providers/Microsoft.Network/loadBalancers/tp-azure-lb/probes/tp-azure-http-probe",
            "interval_in_seconds": 15,
            "load_balancer_rules": [
              "/subscriptions/cb514673-1b19-46b0-b454-5b670918d9e4/resourceGroups/tp-azure-rg/providers/Microsoft.Network/loadBalancers/tp-azure-lb/loadBalancingRules/tp-azure-http-rule"
            ],
            "loadbalancer_id": "/subscriptions/cb514673-1b19-46b0-b454-5b670918d9e4/resourceGroups/tp-azure-rg/providers/Microsoft.Network/loadBalancers/tp-azure-lb",
            "name": "tp-azure-http-probe",
            "number_of_probes": 2,
            "port": 80,
            "probe_threshold": 1,
            "protocol": "Http",
            "request_path": "/",
            "timeouts": null
          },
          "sensitive_attributes": [],
          "identity_schema_version": 0,
          "private": "eyJlMmJmYjczMC1lY2FhLTExZTYtOGY4OC0zNDM2M2JjN2M0YzAiOnsiY3JlYXRlIjoxODAwMDAwMDAwMDAwLCJkZWxldGUiOjE4MDAwMDAwMDAwMDAsInJlYWQiOjMwMDAwMDAwMDAwMCwidXBkYXRlIjoxODAwMDAwMDAwMDAwfX0=",
          "dependencies": [
            "azurerm_lb.lb",
            "azurerm_public_ip.lb_pip",
            "azurerm_resource_group.rg"
          ]
        }
      ]
    },
    {
      "mode": "managed",
      "type": "azurerm_lb_rule",
      "name": "http_rule",
      "provider": "provider[\"registry.terraform.io/hashicorp/azurerm\"]",
      "instances": [
        {
          "schema_version": 0,
          "attributes": {
            "backend_address_pool_ids": [
              "/subscriptions/cb514673-1b19-46b0-b454-5b670918d9e4/resourceGroups/tp-azure-rg/providers/Microsoft.Network/loadBalancers/tp-azure-lb/backendAddressPools/tp-azure-backend-pool"
            ],
            "backend_port": 80,
            "disable_outbound_snat": false,
            "enable_floating_ip": false,
            "enable_tcp_reset": false,
            "floating_ip_enabled": false,
            "frontend_ip_configuration_id": "/subscriptions/cb514673-1b19-46b0-b454-5b670918d9e4/resourceGroups/tp-azure-rg/providers/Microsoft.Network/loadBalancers/tp-azure-lb/frontendIPConfigurations/frontend",
            "frontend_ip_configuration_name": "frontend",
            "frontend_port": 80,
            "id": "/subscriptions/cb514673-1b19-46b0-b454-5b670918d9e4/resourceGroups/tp-azure-rg/providers/Microsoft.Network/loadBalancers/tp-azure-lb/loadBalancingRules/tp-azure-http-rule",
            "idle_timeout_in_minutes": 4,
            "load_distribution": "Default",
            "loadbalancer_id": "/subscriptions/cb514673-1b19-46b0-b454-5b670918d9e4/resourceGroups/tp-azure-rg/providers/Microsoft.Network/loadBalancers/tp-azure-lb",
            "name": "tp-azure-http-rule",
            "probe_id": "/subscriptions/cb514673-1b19-46b0-b454-5b670918d9e4/resourceGroups/tp-azure-rg/providers/Microsoft.Network/loadBalancers/tp-azure-lb/probes/tp-azure-http-probe",
            "protocol": "Tcp",
            "tcp_reset_enabled": false,
            "timeouts": null
          },
          "sensitive_attributes": [],
          "identity_schema_version": 0,
          "private": "eyJlMmJmYjczMC1lY2FhLTExZTYtOGY4OC0zNDM2M2JjN2M0YzAiOnsiY3JlYXRlIjoxODAwMDAwMDAwMDAwLCJkZWxldGUiOjE4MDAwMDAwMDAwMDAsInJlYWQiOjMwMDAwMDAwMDAwMCwidXBkYXRlIjoxODAwMDAwMDAwMDAwfX0=",
          "dependencies": [
            "azurerm_lb.lb",
            "azurerm_lb_backend_address_pool.backend_pool",
            "azurerm_lb_probe.http_probe",
            "azurerm_public_ip.lb_pip",
            "azurerm_resource_group.rg"
          ]
        }
      ]
    },
    {
      "mode": "managed",
      "type": "azurerm_linux_virtual_machine",
      "name": "vm1",
      "provider": "provider[\"registry.terraform.io/hashicorp/azurerm\"]",
      "instances": [
        {
          "schema_version": 0,
          "attributes": {
            "additional_capabilities": [],
            "admin_password": null,
            "admin_ssh_key": [
              {
                "public_key": "ssh-rsa AAAAB3NzaC1yc2EAAAADAQABAAACAQC41cHD0dT3lbdF77QGuTZvIZRJUrH6kAAx3HYIZQ0/42X2URI4c704aWI2QQGb6k3X0L4MEtPpEyUd3Reaozev9C/I7GXfgWbV9ut/2dAq/GV50t7p+4W4T0Iy3eYJ4NhUkkfTrzZLOueChe9CHdDNysSHCpp9iOu0vtiSrv40/N/jGlCAzLtVni81EMd3ZSw9w9QiLdXsOh2Yf6pcOxNp0MCEsjAfwiJmJXanRZ+GbTHVVLTMB+ZgVQWNTgOyPT00UtCQx4v3xcFM2JI4/hMOL2tnZWQtznSTPcLzK/ENrgQck3XZRPqSYcjTzEjWU/QlKY0Mxk79eWKUqaqIikuDOX9cxqpOnUddoARXyBc4vke5NTjk6w0ojoLH9pyFMYS2WC2LJPyvZ983h/lW+4itp5SIraTDbkxyUtSBY+Mp+tsqMLcRvYXoJgT/sC5tzaOmqmNkLZK1bJWroiGiVL5CcoYLSJrsTkcEJZ4Ois1D5Btd8SQkA1EYOIpMBrsoKL4nh2OlJSXzeYF7lXkAl9IGHwmONK+gvJszJ1cx82OlAEygpM9+IYagHK474xlP0mp0NbKTwxgztf3R+Q43h1HpNpDYyzXJYgK5/6dqk97V40HLscJ+WVxUPgEUQUQgqci2OLTgFcUpFH2L8vWbkI0RReq5f5KnOIjSdyQZqdWUxw== georg@GeorgeK\r\n",
                "username": "azureuser"
              }
            ],
            "admin_username": "azureuser",
            "allow_extension_operations": true,
            "availability_set_id": "",
            "boot_diagnostics": [],
            "bypass_platform_safety_checks_on_user_schedule_enabled": false,
            "capacity_reservation_group_id": "",
            "computer_name": "tp-azure-vm-1",
            "custom_data": "IyEvYmluL2Jhc2gNCmFwdC1nZXQgdXBkYXRlDQphcHQtZ2V0IGluc3RhbGwgLXkgbmdpbngNCmVjaG8gIjxoMT5IZWxsbyBmcm9tIHRwLWF6dXJlLXZtLTE8L2gxPiIgPiAvdmFyL3d3dy9odG1sL2luZGV4Lmh0bWwNCnN5c3RlbWN0bCBzdGFydCBuZ2lueA0Kc3lzdGVtY3RsIGVuYWJsZSBuZ2lueA0K",
            "dedicated_host_group_id": "",
            "dedicated_host_id": "",
            "disable_password_authentication": true,
            "disk_controller_type": "SCSI",
            "edge_zone": "",
            "encryption_at_host_enabled": false,
            "eviction_policy": "",
            "extensions_time_budget": "PT1H30M",
            "gallery_application": [],
            "id": "/subscriptions/cb514673-1b19-46b0-b454-5b670918d9e4/resourceGroups/tp-azure-rg/providers/Microsoft.Compute/virtualMachines/tp-azure-vm-1",
            "identity": [],
            "license_type": "",
            "location": "francecentral",
            "max_bid_price": -1,
            "name": "tp-azure-vm-1",
            "network_interface_ids": [
              "/subscriptions/cb514673-1b19-46b0-b454-5b670918d9e4/resourceGroups/tp-azure-rg/providers/Microsoft.Network/networkInterfaces/tp-azure-nic-1"
            ],
            "os_disk": [
              {
                "caching": "ReadWrite",
                "diff_disk_settings": [],
                "disk_encryption_set_id": "",
                "disk_size_gb": 30,
                "id": "/subscriptions/cb514673-1b19-46b0-b454-5b670918d9e4/resourceGroups/tp-azure-rg/providers/Microsoft.Compute/disks/tp-azure-vm-1_OsDisk_1_6725c7b5b07e4bd59acec40fc8c4e0fd",
                "name": "tp-azure-vm-1_OsDisk_1_6725c7b5b07e4bd59acec40fc8c4e0fd",
                "secure_vm_disk_encryption_set_id": "",
                "security_encryption_type": "",
                "storage_account_type": "Standard_LRS",
                "write_accelerator_enabled": false
              }
            ],
            "os_image_notification": [],
            "os_managed_disk_id": "/subscriptions/cb514673-1b19-46b0-b454-5b670918d9e4/resourceGroups/tp-azure-rg/providers/Microsoft.Compute/disks/tp-azure-vm-1_OsDisk_1_6725c7b5b07e4bd59acec40fc8c4e0fd",
            "patch_assessment_mode": "ImageDefault",
            "patch_mode": "ImageDefault",
            "plan": [],
            "platform_fault_domain": -1,
            "priority": "Regular",
            "private_ip_address": "10.0.1.5",
            "private_ip_addresses": [
              "10.0.1.5"
            ],
            "provision_vm_agent": true,
            "proximity_placement_group_id": "",
            "public_ip_address": "",
            "public_ip_addresses": [],
            "reboot_setting": "",
            "resource_group_name": "tp-azure-rg",
            "secret": [],
            "secure_boot_enabled": false,
            "size": "Standard_B1s",
            "source_image_id": "",
            "source_image_reference": [
              {
                "offer": "0001-com-ubuntu-server-jammy",
                "publisher": "Canonical",
                "sku": "22_04-lts-gen2",
                "version": "latest"
              }
            ],
            "tags": {},
            "termination_notification": [],
            "timeouts": null,
            "user_data": "",
            "virtual_machine_id": "d6e7c0dc-6c2f-429a-840d-d018b41b044b",
            "virtual_machine_scale_set_id": "",
            "vm_agent_platform_updates_enabled": false,
            "vtpm_enabled": false,
            "zone": ""
          },
          "sensitive_attributes": [
            [
              {
                "type": "get_attr",
                "value": "admin_password"
              }
            ],
            [
              {
                "type": "get_attr",
                "value": "custom_data"
              }
            ]
          ],
          "identity_schema_version": 0,
          "private": "eyJlMmJmYjczMC1lY2FhLTExZTYtOGY4OC0zNDM2M2JjN2M0YzAiOnsiY3JlYXRlIjoyNzAwMDAwMDAwMDAwLCJkZWxldGUiOjI3MDAwMDAwMDAwMDAsInJlYWQiOjMwMDAwMDAwMDAwMCwidXBkYXRlIjoyNzAwMDAwMDAwMDAwfX0=",
          "dependencies": [
            "azurerm_network_interface.nic1",
            "azurerm_public_ip.vm1_pip",
            "azurerm_resource_group.rg",
            "azurerm_subnet.subnet",
            "azurerm_virtual_network.vnet"
          ]
        }
      ]
    },
    {
      "mode": "managed",
      "type": "azurerm_linux_virtual_machine",
      "name": "vm2",
      "provider": "provider[\"registry.terraform.io/hashicorp/azurerm\"]",
      "instances": [
        {
          "schema_version": 0,
          "attributes": {
            "additional_capabilities": [],
            "admin_password": null,
            "admin_ssh_key": [
              {
                "public_key": "ssh-rsa AAAAB3NzaC1yc2EAAAADAQABAAACAQC41cHD0dT3lbdF77QGuTZvIZRJUrH6kAAx3HYIZQ0/42X2URI4c704aWI2QQGb6k3X0L4MEtPpEyUd3Reaozev9C/I7GXfgWbV9ut/2dAq/GV50t7p+4W4T0Iy3eYJ4NhUkkfTrzZLOueChe9CHdDNysSHCpp9iOu0vtiSrv40/N/jGlCAzLtVni81EMd3ZSw9w9QiLdXsOh2Yf6pcOxNp0MCEsjAfwiJmJXanRZ+GbTHVVLTMB+ZgVQWNTgOyPT00UtCQx4v3xcFM2JI4/hMOL2tnZWQtznSTPcLzK/ENrgQck3XZRPqSYcjTzEjWU/QlKY0Mxk79eWKUqaqIikuDOX9cxqpOnUddoARXyBc4vke5NTjk6w0ojoLH9pyFMYS2WC2LJPyvZ983h/lW+4itp5SIraTDbkxyUtSBY+Mp+tsqMLcRvYXoJgT/sC5tzaOmqmNkLZK1bJWroiGiVL5CcoYLSJrsTkcEJZ4Ois1D5Btd8SQkA1EYOIpMBrsoKL4nh2OlJSXzeYF7lXkAl9IGHwmONK+gvJszJ1cx82OlAEygpM9+IYagHK474xlP0mp0NbKTwxgztf3R+Q43h1HpNpDYyzXJYgK5/6dqk97V40HLscJ+WVxUPgEUQUQgqci2OLTgFcUpFH2L8vWbkI0RReq5f5KnOIjSdyQZqdWUxw== georg@GeorgeK\r\n",
                "username": "azureuser"
              }
            ],
            "admin_username": "azureuser",
            "allow_extension_operations": true,
            "availability_set_id": "",
            "boot_diagnostics": [],
            "bypass_platform_safety_checks_on_user_schedule_enabled": false,
            "capacity_reservation_group_id": "",
            "computer_name": "tp-azure-vm-2",
            "custom_data": "IyEvYmluL2Jhc2gNCmFwdC1nZXQgdXBkYXRlDQphcHQtZ2V0IGluc3RhbGwgLXkgbmdpbngNCmVjaG8gIjxoMT5IZWxsbyBmcm9tIHRwLWF6dXJlLXZtLTI8L2gxPiIgPiAvdmFyL3d3dy9odG1sL2luZGV4Lmh0bWwNCnN5c3RlbWN0bCBzdGFydCBuZ2lueA0Kc3lzdGVtY3RsIGVuYWJsZSBuZ2lueA0K",
            "dedicated_host_group_id": "",
            "dedicated_host_id": "",
            "disable_password_authentication": true,
            "disk_controller_type": "SCSI",
            "edge_zone": "",
            "encryption_at_host_enabled": false,
            "eviction_policy": "",
            "extensions_time_budget": "PT1H30M",
            "gallery_application": [],
            "id": "/subscriptions/cb514673-1b19-46b0-b454-5b670918d9e4/resourceGroups/tp-azure-rg/providers/Microsoft.Compute/virtualMachines/tp-azure-vm-2",
            "identity": [],
            "license_type": "",
            "location": "francecentral",
            "max_bid_price": -1,
            "name": "tp-azure-vm-2",
            "network_interface_ids": [
              "/subscriptions/cb514673-1b19-46b0-b454-5b670918d9e4/resourceGroups/tp-azure-rg/providers/Microsoft.Network/networkInterfaces/tp-azure-nic-2"
            ],
            "os_disk": [
              {
                "caching": "ReadWrite",
                "diff_disk_settings": [],
                "disk_encryption_set_id": "",
                "disk_size_gb": 30,
                "id": "/subscriptions/cb514673-1b19-46b0-b454-5b670918d9e4/resourceGroups/tp-azure-rg/providers/Microsoft.Compute/disks/tp-azure-vm-2_OsDisk_1_6047b8d06abe4f88947bbd0fa02b68c3",
                "name": "tp-azure-vm-2_OsDisk_1_6047b8d06abe4f88947bbd0fa02b68c3",
                "secure_vm_disk_encryption_set_id": "",
                "security_encryption_type": "",
                "storage_account_type": "Standard_LRS",
                "write_accelerator_enabled": false
              }
            ],
            "os_image_notification": [],
            "os_managed_disk_id": "/subscriptions/cb514673-1b19-46b0-b454-5b670918d9e4/resourceGroups/tp-azure-rg/providers/Microsoft.Compute/disks/tp-azure-vm-2_OsDisk_1_6047b8d06abe4f88947bbd0fa02b68c3",
            "patch_assessment_mode": "ImageDefault",
            "patch_mode": "ImageDefault",
            "plan": [],
            "platform_fault_domain": -1,
            "priority": "Regular",
            "private_ip_address": "10.0.1.4",
            "private_ip_addresses": [
              "10.0.1.4"
            ],
            "provision_vm_agent": true,
            "proximity_placement_group_id": "",
            "public_ip_address": "",
            "public_ip_addresses": [],
            "reboot_setting": "",
            "resource_group_name": "tp-azure-rg",
            "secret": [],
            "secure_boot_enabled": false,
            "size": "Standard_B1s",
            "source_image_id": "",
            "source_image_reference": [
              {
                "offer": "0001-com-ubuntu-server-jammy",
                "publisher": "Canonical",
                "sku": "22_04-lts-gen2",
                "version": "latest"
              }
            ],
            "tags": {},
            "termination_notification": [],
            "timeouts": null,
            "user_data": "",
            "virtual_machine_id": "ec309535-7889-44cc-975c-dcd5d9564a03",
            "virtual_machine_scale_set_id": "",
            "vm_agent_platform_updates_enabled": false,
            "vtpm_enabled": false,
            "zone": ""
          },
          "sensitive_attributes": [
            [
              {
                "type": "get_attr",
                "value": "admin_password"
              }
            ],
            [
              {
                "type": "get_attr",
                "value": "custom_data"
              }
            ]
          ],
          "identity_schema_version": 0,
          "private": "eyJlMmJmYjczMC1lY2FhLTExZTYtOGY4OC0zNDM2M2JjN2M0YzAiOnsiY3JlYXRlIjoyNzAwMDAwMDAwMDAwLCJkZWxldGUiOjI3MDAwMDAwMDAwMDAsInJlYWQiOjMwMDAwMDAwMDAwMCwidXBkYXRlIjoyNzAwMDAwMDAwMDAwfX0=",
          "dependencies": [
            "azurerm_network_interface.nic2",
            "azurerm_public_ip.vm2_pip",
            "azurerm_resource_group.rg",
            "azurerm_subnet.subnet",
            "azurerm_virtual_network.vnet"
          ]
        }
      ]
    },
    {
      "mode": "managed",
      "type": "azurerm_network_interface",
      "name": "nic1",
      "provider": "provider[\"registry.terraform.io/hashicorp/azurerm\"]",
      "instances": [
        {
          "schema_version": 0,
          "attributes": {
            "accelerated_networking_enabled": false,
            "applied_dns_servers": [],
            "auxiliary_mode": "",
            "auxiliary_sku": "",
            "dns_servers": [],
            "edge_zone": "",
            "id": "/subscriptions/cb514673-1b19-46b0-b454-5b670918d9e4/resourceGroups/tp-azure-rg/providers/Microsoft.Network/networkInterfaces/tp-azure-nic-1",
            "internal_dns_name_label": "",
            "internal_domain_name_suffix": "0nfii2cohqde3atmoq313rzfie.parx.internal.cloudapp.net",
            "ip_configuration": [
              {
                "gateway_load_balancer_frontend_ip_configuration_id": "",
                "name": "internal",
                "primary": true,
                "private_ip_address": "10.0.1.5",
                "private_ip_address_allocation": "Dynamic",
                "private_ip_address_version": "IPv4",
                "public_ip_address_id": "/subscriptions/cb514673-1b19-46b0-b454-5b670918d9e4/resourceGroups/tp-azure-rg/providers/Microsoft.Network/publicIPAddresses/tp-azure-vm1-pip",
                "subnet_id": "/subscriptions/cb514673-1b19-46b0-b454-5b670918d9e4/resourceGroups/tp-azure-rg/providers/Microsoft.Network/virtualNetworks/tp-azure-vnet/subnets/tp-azure-subnet"
              }
            ],
            "ip_forwarding_enabled": false,
            "location": "francecentral",
            "mac_address": "60-45-BD-6E-A8-00",
            "name": "tp-azure-nic-1",
            "private_ip_address": "10.0.1.5",
            "private_ip_addresses": [
              "10.0.1.5"
            ],
            "resource_group_name": "tp-azure-rg",
            "tags": {},
            "timeouts": null,
            "virtual_machine_id": "/subscriptions/cb514673-1b19-46b0-b454-5b670918d9e4/resourceGroups/tp-azure-rg/providers/Microsoft.Compute/virtualMachines/tp-azure-vm-1"
          },
          "sensitive_attributes": [],
          "identity_schema_version": 0,
          "identity": {
            "name": "tp-azure-nic-1",
            "resource_group_name": "tp-azure-rg",
            "subscription_id": "cb514673-1b19-46b0-b454-5b670918d9e4"
          },
          "private": "eyJlMmJmYjczMC1lY2FhLTExZTYtOGY4OC0zNDM2M2JjN2M0YzAiOnsiY3JlYXRlIjoxODAwMDAwMDAwMDAwLCJkZWxldGUiOjE4MDAwMDAwMDAwMDAsInJlYWQiOjMwMDAwMDAwMDAwMCwidXBkYXRlIjoxODAwMDAwMDAwMDAwfX0=",
          "dependencies": [
            "azurerm_public_ip.vm1_pip",
            "azurerm_resource_group.rg",
            "azurerm_subnet.subnet",
            "azurerm_virtual_network.vnet"
          ]
        }
      ]
    },
    {
      "mode": "managed",
      "type": "azurerm_network_interface",
      "name": "nic2",
      "provider": "provider[\"registry.terraform.io/hashicorp/azurerm\"]",
      "instances": [
        {
          "schema_version": 0,
          "attributes": {
            "accelerated_networking_enabled": false,
            "applied_dns_servers": [],
            "auxiliary_mode": "",
            "auxiliary_sku": "",
            "dns_servers": [],
            "edge_zone": "",
            "id": "/subscriptions/cb514673-1b19-46b0-b454-5b670918d9e4/resourceGroups/tp-azure-rg/providers/Microsoft.Network/networkInterfaces/tp-azure-nic-2",
            "internal_dns_name_label": "",
            "internal_domain_name_suffix": "0nfii2cohqde3atmoq313rzfie.parx.internal.cloudapp.net",
            "ip_configuration": [
              {
                "gateway_load_balancer_frontend_ip_configuration_id": "",
                "name": "internal",
                "primary": true,
                "private_ip_address": "10.0.1.4",
                "private_ip_address_allocation": "Dynamic",
                "private_ip_address_version": "IPv4",
                "public_ip_address_id": "/subscriptions/cb514673-1b19-46b0-b454-5b670918d9e4/resourceGroups/tp-azure-rg/providers/Microsoft.Network/publicIPAddresses/tp-azure-vm2-pip",
                "subnet_id": "/subscriptions/cb514673-1b19-46b0-b454-5b670918d9e4/resourceGroups/tp-azure-rg/providers/Microsoft.Network/virtualNetworks/tp-azure-vnet/subnets/tp-azure-subnet"
              }
            ],
            "ip_forwarding_enabled": false,
            "location": "francecentral",
            "mac_address": "7C-ED-8D-6D-7E-0A",
            "name": "tp-azure-nic-2",
            "private_ip_address": "10.0.1.4",
            "private_ip_addresses": [
              "10.0.1.4"
            ],
            "resource_group_name": "tp-azure-rg",
            "tags": {},
            "timeouts": null,
            "virtual_machine_id": "/subscriptions/cb514673-1b19-46b0-b454-5b670918d9e4/resourceGroups/tp-azure-rg/providers/Microsoft.Compute/virtualMachines/tp-azure-vm-2"
          },
          "sensitive_attributes": [],
          "identity_schema_version": 0,
          "identity": {
            "name": "tp-azure-nic-2",
            "resource_group_name": "tp-azure-rg",
            "subscription_id": "cb514673-1b19-46b0-b454-5b670918d9e4"
          },
          "private": "eyJlMmJmYjczMC1lY2FhLTExZTYtOGY4OC0zNDM2M2JjN2M0YzAiOnsiY3JlYXRlIjoxODAwMDAwMDAwMDAwLCJkZWxldGUiOjE4MDAwMDAwMDAwMDAsInJlYWQiOjMwMDAwMDAwMDAwMCwidXBkYXRlIjoxODAwMDAwMDAwMDAwfX0=",
          "dependencies": [
            "azurerm_public_ip.vm2_pip",
            "azurerm_resource_group.rg",
            "azurerm_subnet.subnet",
            "azurerm_virtual_network.vnet"
          ]
        }
      ]
    },
    {
      "mode": "managed",
      "type": "azurerm_network_interface_backend_address_pool_association",
      "name": "nic1_assoc",
      "provider": "provider[\"registry.terraform.io/hashicorp/azurerm\"]",
      "instances": [
        {
          "schema_version": 0,
          "attributes": {
            "backend_address_pool_id": "/subscriptions/cb514673-1b19-46b0-b454-5b670918d9e4/resourceGroups/tp-azure-rg/providers/Microsoft.Network/loadBalancers/tp-azure-lb/backendAddressPools/tp-azure-backend-pool",
            "id": "/subscriptions/cb514673-1b19-46b0-b454-5b670918d9e4/resourceGroups/tp-azure-rg/providers/Microsoft.Network/networkInterfaces/tp-azure-nic-1/ipConfigurations/internal|/subscriptions/cb514673-1b19-46b0-b454-5b670918d9e4/resourceGroups/tp-azure-rg/providers/Microsoft.Network/loadBalancers/tp-azure-lb/backendAddressPools/tp-azure-backend-pool",
            "ip_configuration_name": "internal",
            "network_interface_id": "/subscriptions/cb514673-1b19-46b0-b454-5b670918d9e4/resourceGroups/tp-azure-rg/providers/Microsoft.Network/networkInterfaces/tp-azure-nic-1",
            "timeouts": null
          },
          "sensitive_attributes": [],
          "identity_schema_version": 0,
          "private": "eyJlMmJmYjczMC1lY2FhLTExZTYtOGY4OC0zNDM2M2JjN2M0YzAiOnsiY3JlYXRlIjoxODAwMDAwMDAwMDAwLCJkZWxldGUiOjE4MDAwMDAwMDAwMDAsInJlYWQiOjMwMDAwMDAwMDAwMH19",
          "dependencies": [
            "azurerm_lb.lb",
            "azurerm_lb_backend_address_pool.backend_pool",
            "azurerm_network_interface.nic1",
            "azurerm_public_ip.lb_pip",
            "azurerm_public_ip.vm1_pip",
            "azurerm_resource_group.rg",
            "azurerm_subnet.subnet",
            "azurerm_virtual_network.vnet"
          ]
        }
      ]
    },
    {
      "mode": "managed",
      "type": "azurerm_network_interface_backend_address_pool_association",
      "name": "nic2_assoc",
      "provider": "provider[\"registry.terraform.io/hashicorp/azurerm\"]",
      "instances": [
        {
          "schema_version": 0,
          "attributes": {
            "backend_address_pool_id": "/subscriptions/cb514673-1b19-46b0-b454-5b670918d9e4/resourceGroups/tp-azure-rg/providers/Microsoft.Network/loadBalancers/tp-azure-lb/backendAddressPools/tp-azure-backend-pool",
            "id": "/subscriptions/cb514673-1b19-46b0-b454-5b670918d9e4/resourceGroups/tp-azure-rg/providers/Microsoft.Network/networkInterfaces/tp-azure-nic-2/ipConfigurations/internal|/subscriptions/cb514673-1b19-46b0-b454-5b670918d9e4/resourceGroups/tp-azure-rg/providers/Microsoft.Network/loadBalancers/tp-azure-lb/backendAddressPools/tp-azure-backend-pool",
            "ip_configuration_name": "internal",
            "network_interface_id": "/subscriptions/cb514673-1b19-46b0-b454-5b670918d9e4/resourceGroups/tp-azure-rg/providers/Microsoft.Network/networkInterfaces/tp-azure-nic-2",
            "timeouts": null
          },
          "sensitive_attributes": [],
          "identity_schema_version": 0,
          "private": "eyJlMmJmYjczMC1lY2FhLTExZTYtOGY4OC0zNDM2M2JjN2M0YzAiOnsiY3JlYXRlIjoxODAwMDAwMDAwMDAwLCJkZWxldGUiOjE4MDAwMDAwMDAwMDAsInJlYWQiOjMwMDAwMDAwMDAwMH19",
          "dependencies": [
            "azurerm_lb.lb",
            "azurerm_lb_backend_address_pool.backend_pool",
            "azurerm_network_interface.nic2",
            "azurerm_public_ip.lb_pip",
            "azurerm_public_ip.vm2_pip",
            "azurerm_resource_group.rg",
            "azurerm_subnet.subnet",
            "azurerm_virtual_network.vnet"
          ]
        }
      ]
    },
    {
      "mode": "managed",
      "type": "azurerm_network_security_group",
      "name": "nsg",
      "provider": "provider[\"registry.terraform.io/hashicorp/azurerm\"]",
      "instances": [
        {
          "schema_version": 0,
          "attributes": {
            "id": "/subscriptions/cb514673-1b19-46b0-b454-5b670918d9e4/resourceGroups/tp-azure-rg/providers/Microsoft.Network/networkSecurityGroups/tp-azure-nsg",
            "location": "francecentral",
            "name": "tp-azure-nsg",
            "resource_group_name": "tp-azure-rg",
            "security_rule": [
              {
                "access": "Allow",
                "description": "",
                "destination_address_prefix": "*",
                "destination_address_prefixes": [],
                "destination_application_security_group_ids": [],
                "destination_port_range": "22",
                "destination_port_ranges": [],
                "direction": "Inbound",
                "name": "allow-ssh",
                "priority": 100,
                "protocol": "Tcp",
                "source_address_prefix": "*",
                "source_address_prefixes": [],
                "source_application_security_group_ids": [],
                "source_port_range": "*",
                "source_port_ranges": []
              },
              {
                "access": "Allow",
                "description": "",
                "destination_address_prefix": "*",
                "destination_address_prefixes": [],
                "destination_application_security_group_ids": [],
                "destination_port_range": "80",
                "destination_port_ranges": [],
                "direction": "Inbound",
                "name": "allow-http",
                "priority": 200,
                "protocol": "Tcp",
                "source_address_prefix": "*",
                "source_address_prefixes": [],
                "source_application_security_group_ids": [],
                "source_port_range": "*",
                "source_port_ranges": []
              },
              {
                "access": "Deny",
                "description": "",
                "destination_address_prefix": "*",
                "destination_address_prefixes": [],
                "destination_application_security_group_ids": [],
                "destination_port_range": "*",
                "destination_port_ranges": [],
                "direction": "Inbound",
                "name": "deny-all-inbound",
                "priority": 4096,
                "protocol": "*",
                "source_address_prefix": "*",
                "source_address_prefixes": [],
                "source_application_security_group_ids": [],
                "source_port_range": "*",
                "source_port_ranges": []
              }
            ],
            "tags": {},
            "timeouts": null
          },
          "sensitive_attributes": [],
          "identity_schema_version": 0,
          "identity": {
            "name": "tp-azure-nsg",
            "resource_group_name": "tp-azure-rg",
            "subscription_id": "cb514673-1b19-46b0-b454-5b670918d9e4"
          },
          "private": "eyJlMmJmYjczMC1lY2FhLTExZTYtOGY4OC0zNDM2M2JjN2M0YzAiOnsiY3JlYXRlIjoxODAwMDAwMDAwMDAwLCJkZWxldGUiOjE4MDAwMDAwMDAwMDAsInJlYWQiOjMwMDAwMDAwMDAwMCwidXBkYXRlIjoxODAwMDAwMDAwMDAwfX0=",
          "dependencies": [
            "azurerm_resource_group.rg"
          ]
        }
      ]
    },
    {
      "mode": "managed",
      "type": "azurerm_public_ip",
      "name": "lb_pip",
      "provider": "provider[\"registry.terraform.io/hashicorp/azurerm\"]",
      "instances": [
        {
          "schema_version": 0,
          "attributes": {
            "allocation_method": "Static",
            "ddos_protection_mode": "VirtualNetworkInherited",
            "ddos_protection_plan_id": null,
            "domain_name_label": null,
            "domain_name_label_scope": null,
            "edge_zone": "",
            "fqdn": null,
            "id": "/subscriptions/cb514673-1b19-46b0-b454-5b670918d9e4/resourceGroups/tp-azure-rg/providers/Microsoft.Network/publicIPAddresses/tp-azure-lb-pip",
            "idle_timeout_in_minutes": 4,
            "ip_address": "20.188.56.234",
            "ip_tags": {},
            "ip_version": "IPv4",
            "location": "francecentral",
            "name": "tp-azure-lb-pip",
            "public_ip_prefix_id": null,
            "resource_group_name": "tp-azure-rg",
            "reverse_fqdn": null,
            "sku": "Standard",
            "sku_tier": "Regional",
            "tags": {},
            "timeouts": null,
            "zones": []
          },
          "sensitive_attributes": [],
          "identity_schema_version": 0,
          "identity": {
            "name": "tp-azure-lb-pip",
            "resource_group_name": "tp-azure-rg",
            "subscription_id": "cb514673-1b19-46b0-b454-5b670918d9e4"
          },
          "private": "eyJlMmJmYjczMC1lY2FhLTExZTYtOGY4OC0zNDM2M2JjN2M0YzAiOnsiY3JlYXRlIjoxODAwMDAwMDAwMDAwLCJkZWxldGUiOjE4MDAwMDAwMDAwMDAsInJlYWQiOjMwMDAwMDAwMDAwMCwidXBkYXRlIjoxODAwMDAwMDAwMDAwfX0=",
          "dependencies": [
            "azurerm_resource_group.rg"
          ]
        }
      ]
    },
    {
      "mode": "managed",
      "type": "azurerm_public_ip",
      "name": "vm1_pip",
      "provider": "provider[\"registry.terraform.io/hashicorp/azurerm\"]",
      "instances": [
        {
          "schema_version": 0,
          "attributes": {
            "allocation_method": "Static",
            "ddos_protection_mode": "VirtualNetworkInherited",
            "ddos_protection_plan_id": null,
            "domain_name_label": null,
            "domain_name_label_scope": null,
            "edge_zone": "",
            "fqdn": null,
            "id": "/subscriptions/cb514673-1b19-46b0-b454-5b670918d9e4/resourceGroups/tp-azure-rg/providers/Microsoft.Network/publicIPAddresses/tp-azure-vm1-pip",
            "idle_timeout_in_minutes": 4,
            "ip_address": "20.111.58.244",
            "ip_tags": null,
            "ip_version": "IPv4",
            "location": "francecentral",
            "name": "tp-azure-vm1-pip",
            "public_ip_prefix_id": null,
            "resource_group_name": "tp-azure-rg",
            "reverse_fqdn": null,
            "sku": "Standard",
            "sku_tier": "Regional",
            "tags": null,
            "timeouts": null,
            "zones": null
          },
          "sensitive_attributes": [],
          "identity_schema_version": 0,
          "identity": {
            "name": "tp-azure-vm1-pip",
            "resource_group_name": "tp-azure-rg",
            "subscription_id": "cb514673-1b19-46b0-b454-5b670918d9e4"
          },
          "private": "eyJlMmJmYjczMC1lY2FhLTExZTYtOGY4OC0zNDM2M2JjN2M0YzAiOnsiY3JlYXRlIjoxODAwMDAwMDAwMDAwLCJkZWxldGUiOjE4MDAwMDAwMDAwMDAsInJlYWQiOjMwMDAwMDAwMDAwMCwidXBkYXRlIjoxODAwMDAwMDAwMDAwfX0=",
          "dependencies": [
            "azurerm_resource_group.rg"
          ]
        }
      ]
    },
    {
      "mode": "managed",
      "type": "azurerm_public_ip",
      "name": "vm2_pip",
      "provider": "provider[\"registry.terraform.io/hashicorp/azurerm\"]",
      "instances": [
        {
          "schema_version": 0,
          "attributes": {
            "allocation_method": "Static",
            "ddos_protection_mode": "VirtualNetworkInherited",
            "ddos_protection_plan_id": null,
            "domain_name_label": null,
            "domain_name_label_scope": null,
            "edge_zone": "",
            "fqdn": null,
            "id": "/subscriptions/cb514673-1b19-46b0-b454-5b670918d9e4/resourceGroups/tp-azure-rg/providers/Microsoft.Network/publicIPAddresses/tp-azure-vm2-pip",
            "idle_timeout_in_minutes": 4,
            "ip_address": "20.111.49.250",
            "ip_tags": null,
            "ip_version": "IPv4",
            "location": "francecentral",
            "name": "tp-azure-vm2-pip",
            "public_ip_prefix_id": null,
            "resource_group_name": "tp-azure-rg",
            "reverse_fqdn": null,
            "sku": "Standard",
            "sku_tier": "Regional",
            "tags": null,
            "timeouts": null,
            "zones": null
          },
          "sensitive_attributes": [],
          "identity_schema_version": 0,
          "identity": {
            "name": "tp-azure-vm2-pip",
            "resource_group_name": "tp-azure-rg",
            "subscription_id": "cb514673-1b19-46b0-b454-5b670918d9e4"
          },
          "private": "eyJlMmJmYjczMC1lY2FhLTExZTYtOGY4OC0zNDM2M2JjN2M0YzAiOnsiY3JlYXRlIjoxODAwMDAwMDAwMDAwLCJkZWxldGUiOjE4MDAwMDAwMDAwMDAsInJlYWQiOjMwMDAwMDAwMDAwMCwidXBkYXRlIjoxODAwMDAwMDAwMDAwfX0=",
          "dependencies": [
            "azurerm_resource_group.rg"
          ]
        }
      ]
    },
    {
      "mode": "managed",
      "type": "azurerm_resource_group",
      "name": "rg",
      "provider": "provider[\"registry.terraform.io/hashicorp/azurerm\"]",
      "instances": [
        {
          "schema_version": 0,
          "attributes": {
            "id": "/subscriptions/cb514673-1b19-46b0-b454-5b670918d9e4/resourceGroups/tp-azure-rg",
            "location": "francecentral",
            "managed_by": "",
            "name": "tp-azure-rg",
            "tags": {
              "environment": "tp",
              "managed_by": "terraform"
            },
            "timeouts": null
          },
          "sensitive_attributes": [],
          "identity_schema_version": 0,
          "identity": {
            "name": "tp-azure-rg",
            "subscription_id": "cb514673-1b19-46b0-b454-5b670918d9e4"
          },
          "private": "eyJlMmJmYjczMC1lY2FhLTExZTYtOGY4OC0zNDM2M2JjN2M0YzAiOnsiY3JlYXRlIjo1NDAwMDAwMDAwMDAwLCJkZWxldGUiOjU0MDAwMDAwMDAwMDAsInJlYWQiOjMwMDAwMDAwMDAwMCwidXBkYXRlIjo1NDAwMDAwMDAwMDAwfX0="
        }
      ]
    },
    {
      "mode": "managed",
      "type": "azurerm_subnet",
      "name": "subnet",
      "provider": "provider[\"registry.terraform.io/hashicorp/azurerm\"]",
      "instances": [
        {
          "schema_version": 0,
          "attributes": {
            "address_prefixes": [
              "10.0.1.0/24"
            ],
            "default_outbound_access_enabled": true,
            "delegation": [],
            "id": "/subscriptions/cb514673-1b19-46b0-b454-5b670918d9e4/resourceGroups/tp-azure-rg/providers/Microsoft.Network/virtualNetworks/tp-azure-vnet/subnets/tp-azure-subnet",
            "ip_address_pool": [],
            "name": "tp-azure-subnet",
            "private_endpoint_network_policies": "Disabled",
            "private_link_service_network_policies_enabled": true,
            "resource_group_name": "tp-azure-rg",
            "service_endpoint_policy_ids": [],
            "service_endpoints": [],
            "sharing_scope": "",
            "timeouts": null,
            "virtual_network_name": "tp-azure-vnet"
          },
          "sensitive_attributes": [],
          "identity_schema_version": 0,
          "identity": {
            "name": "tp-azure-subnet",
            "resource_group_name": "tp-azure-rg",
            "subscription_id": "cb514673-1b19-46b0-b454-5b670918d9e4",
            "virtual_network_name": "tp-azure-vnet"
          },
          "private": "eyJlMmJmYjczMC1lY2FhLTExZTYtOGY4OC0zNDM2M2JjN2M0YzAiOnsiY3JlYXRlIjoxODAwMDAwMDAwMDAwLCJkZWxldGUiOjE4MDAwMDAwMDAwMDAsInJlYWQiOjMwMDAwMDAwMDAwMCwidXBkYXRlIjoxODAwMDAwMDAwMDAwfX0=",
          "dependencies": [
            "azurerm_resource_group.rg",
            "azurerm_virtual_network.vnet"
          ]
        }
      ]
    },
    {
      "mode": "managed",
      "type": "azurerm_subnet_network_security_group_association",
      "name": "nsg_assoc",
      "provider": "provider[\"registry.terraform.io/hashicorp/azurerm\"]",
      "instances": [
        {
          "schema_version": 0,
          "attributes": {
            "id": "/subscriptions/cb514673-1b19-46b0-b454-5b670918d9e4/resourceGroups/tp-azure-rg/providers/Microsoft.Network/virtualNetworks/tp-azure-vnet/subnets/tp-azure-subnet",
            "network_security_group_id": "/subscriptions/cb514673-1b19-46b0-b454-5b670918d9e4/resourceGroups/tp-azure-rg/providers/Microsoft.Network/networkSecurityGroups/tp-azure-nsg",
            "subnet_id": "/subscriptions/cb514673-1b19-46b0-b454-5b670918d9e4/resourceGroups/tp-azure-rg/providers/Microsoft.Network/virtualNetworks/tp-azure-vnet/subnets/tp-azure-subnet",
            "timeouts": null
          },
          "sensitive_attributes": [],
          "identity_schema_version": 0,
          "private": "eyJlMmJmYjczMC1lY2FhLTExZTYtOGY4OC0zNDM2M2JjN2M0YzAiOnsiY3JlYXRlIjoxODAwMDAwMDAwMDAwLCJkZWxldGUiOjE4MDAwMDAwMDAwMDAsInJlYWQiOjMwMDAwMDAwMDAwMH19",
          "dependencies": [
            "azurerm_network_security_group.nsg",
            "azurerm_resource_group.rg",
            "azurerm_subnet.subnet",
            "azurerm_virtual_network.vnet"
          ]
        }
      ]
    },
    {
      "mode": "managed",
      "type": "azurerm_virtual_network",
      "name": "vnet",
      "provider": "provider[\"registry.terraform.io/hashicorp/azurerm\"]",
      "instances": [
        {
          "schema_version": 0,
          "attributes": {
            "address_space": [
              "10.0.0.0/16"
            ],
            "bgp_community": "",
            "ddos_protection_plan": [],
            "dns_servers": [],
            "edge_zone": "",
            "encryption": [],
            "flow_timeout_in_minutes": 0,
            "guid": "70844ad3-3c4e-4e06-826c-743bbec72544",
            "id": "/subscriptions/cb514673-1b19-46b0-b454-5b670918d9e4/resourceGroups/tp-azure-rg/providers/Microsoft.Network/virtualNetworks/tp-azure-vnet",
            "ip_address_pool": [],
            "location": "francecentral",
            "name": "tp-azure-vnet",
            "private_endpoint_vnet_policies": "Disabled",
            "resource_group_name": "tp-azure-rg",
            "subnet": [
              {
                "address_prefixes": [
                  "10.0.1.0/24"
                ],
                "default_outbound_access_enabled": true,
                "delegation": [],
                "id": "/subscriptions/cb514673-1b19-46b0-b454-5b670918d9e4/resourceGroups/tp-azure-rg/providers/Microsoft.Network/virtualNetworks/tp-azure-vnet/subnets/tp-azure-subnet",
                "name": "tp-azure-subnet",
                "private_endpoint_network_policies": "Disabled",
                "private_link_service_network_policies_enabled": true,
                "route_table_id": "",
                "security_group": "/subscriptions/cb514673-1b19-46b0-b454-5b670918d9e4/resourceGroups/tp-azure-rg/providers/Microsoft.Network/networkSecurityGroups/tp-azure-nsg",
                "service_endpoint_policy_ids": [],
                "service_endpoints": []
              }
            ],
            "tags": {},
            "timeouts": null
          },
          "sensitive_attributes": [],
          "identity_schema_version": 0,
          "identity": {
            "name": "tp-azure-vnet",
            "resource_group_name": "tp-azure-rg",
            "subscription_id": "cb514673-1b19-46b0-b454-5b670918d9e4"
          },
          "private": "eyJlMmJmYjczMC1lY2FhLTExZTYtOGY4OC0zNDM2M2JjN2M0YzAiOnsiY3JlYXRlIjoxODAwMDAwMDAwMDAwLCJkZWxldGUiOjE4MDAwMDAwMDAwMDAsInJlYWQiOjMwMDAwMDAwMDAwMCwidXBkYXRlIjoxODAwMDAwMDAwMDAwfX0=",
          "dependencies": [
            "azurerm_resource_group.rg"
          ]
        }
      ]
    }
  ],
  "check_results": null
}
